{
  "version": 4,
  "terraform_version": "1.7.0",
  "serial": 3,
  "lineage": "d88035a1-ac75-12d5-f3b2-b68eae12ff62",
  "outputs": {},
  "resources": [
    {
      "mode": "managed",
      "type": "local_file",
      "name": "sample",
      "provider": "provider[\"registry.terraform.io/hashicorp/local\"]",
      "instances": [
        {
          "schema_version": 0,
          "attributes": {
            "content": "This is a Sample Terraform file!",
            "content_base64": null,
            "content_base64sha256": "5FdZAa/INkUeisti7y2JCsNYAISAlIBIfOPSTBvuSPs=",
            "content_base64sha512": "b4HtS9tO36r8ho5sKyuNcv07Bl5gLtRjBt0USf41zOUlb6kJlLvXmE6ksd0OBuJYYNmQk6qry0E9plCDx60HaQ==",
            "content_md5": "c4318a0b4f2be4800128577716af19b7",
            "content_sha1": "75f8f2f75f59db7af776a72e803a34b5b8a4f1d1",
            "content_sha256": "e4575901afc836451e8acb62ef2d890ac3580084809480487ce3d24c1bee48fb",
            "content_sha512": "6f81ed4bdb4edfaafc868e6c2b2b8d72fd3b065e602ed46306dd1449fe35cce5256fa90994bbd7984ea4b1dd0e06e25860d99093aaabcb413da65083c7ad0769",
            "directory_permission": "0777",
            "file_permission": "0777",
            "filename": "./sample.txt",
            "id": "75f8f2f75f59db7af776a72e803a34b5b8a4f1d1",
            "sensitive_content": null,
            "source": null
          },
          "sensitive_attributes": []
        }
      ]
    },
    {
      "mode": "managed",
      "type": "local_file",
      "name": "sensitive_file",
      "provider": "provider[\"registry.terraform.io/hashicorp/local\"]",
      "instances": [
        {
          "schema_version": 0,
          "attributes": {
            "content": "Secret Information Here",
            "content_base64": null,
            "content_base64sha256": "awOmjtdyQ1YxBL/lZHoGDAAnRVFA9xH+Cr+rcC2Iy+k=",
            "content_base64sha512": "UfaUGcn2CZ+gNnElyedogRjdGQizFfZo8mefvhSRNvwZiyvWLAmi9L9AEBuLqymTdj2qhVQL1MoxceuiE79U8Q==",
            "content_md5": "f66204633e17e4ae034f0d277a774ffa",
            "content_sha1": "681e990240f68c82814103fd4994ee8bf97b47c8",
            "content_sha256": "6b03a68ed77243563104bfe5647a060c0027455140f711fe0abfab702d88cbe9",
            "content_sha512": "51f69419c9f6099fa0367125c9e7688118dd1908b315f668f2679fbe149136fc198b2bd62c09a2f4bf40101b8bab2993763daa85540bd4ca3171eba213bf54f1",
            "directory_permission": "0777",
            "file_permission": "0777",
            "filename": "./sensitive.txt",
            "id": "681e990240f68c82814103fd4994ee8bf97b47c8",
            "sensitive_content": null,
            "source": null
          },
          "sensitive_attributes": [
            [
              {
                "type": "get_attr",
                "value": "content"
              }
            ]
          ]
        }
      ]
    }
  ],
  "check_results": null
}
